{
  "lockfile-version": 1,
  "manifest": {
    "version": 1,
    "install": {
      "godot_4_3": {
        "pkg-path": "godot_4_3",
        "systems": [
          "aarch64-linux",
          "x86_64-linux"
        ]
      },
      "steam-run-free": {
        "pkg-path": "steam-run-free",
        "systems": [
          "x86_64-linux"
        ]
      }
    },
    "hook": {},
    "profile": {},
    "options": {
      "systems": [
        "aarch64-darwin",
        "aarch64-linux",
        "x86_64-darwin",
        "x86_64-linux"
      ],
      "allow": {
        "licenses": []
      },
      "semver": {}
    }
  },
  "packages": [
    {
      "attr_path": "godot_4_3",
      "broken": false,
      "derivation": "/nix/store/4445h5hwlrfsckfs2zfy4q9si5z9fm28-godot4-4.3-stable.drv",
      "description": "Free and Open Source 2D and 3D game engine",
      "install_id": "godot_4_3",
      "license": "MIT",
      "locked_url": "https://github.com/flox/nixpkgs?rev=2631b0b7abcea6e640ce31cd78ea58910d31e650",
      "name": "godot4-4.3-stable",
      "pname": "godot_4_3",
      "rev": "2631b0b7abcea6e640ce31cd78ea58910d31e650",
      "rev_count": 782401,
      "rev_date": "2025-04-12T13:19:24Z",
      "scrape_date": "2025-04-14T01:28:04.325019Z",
      "stabilities": [
        "unstable"
      ],
      "unfree": false,
      "version": "godot4-4.3-stable",
      "outputs_to_install": [
        "man",
        "out"
      ],
      "outputs": {
        "debug": "/nix/store/8am740j5vbwiz3g6fc3ydiw9p6k7ifb4-godot4-4.3-stable-debug",
        "man": "/nix/store/g76wfqpaax0wmaiky78ldq8hb1w3ilai-godot4-4.3-stable-man",
        "out": "/nix/store/83qiv3l1071q1ypzgp009h1vrvys1ckl-godot4-4.3-stable"
      },
      "system": "aarch64-linux",
      "group": "toplevel",
      "priority": 5
    },
    {
      "attr_path": "godot_4_3",
      "broken": false,
      "derivation": "/nix/store/ny0d6xld9fy8rd2mqkbzvyvsn2i1w4yi-godot4-4.3-stable.drv",
      "description": "Free and Open Source 2D and 3D game engine",
      "install_id": "godot_4_3",
      "license": "MIT",
      "locked_url": "https://github.com/flox/nixpkgs?rev=2631b0b7abcea6e640ce31cd78ea58910d31e650",
      "name": "godot4-4.3-stable",
      "pname": "godot_4_3",
      "rev": "2631b0b7abcea6e640ce31cd78ea58910d31e650",
      "rev_count": 782401,
      "rev_date": "2025-04-12T13:19:24Z",
      "scrape_date": "2025-04-14T02:01:53.329862Z",
      "stabilities": [
        "unstable"
      ],
      "unfree": false,
      "version": "godot4-4.3-stable",
      "outputs_to_install": [
        "man",
        "out"
      ],
      "outputs": {
        "debug": "/nix/store/b3dybcfz4l4gb8hib0gypzi0caam0yn8-godot4-4.3-stable-debug",
        "man": "/nix/store/8bngqx0iq01xgjhp93mlb4l6bq4w37qw-godot4-4.3-stable-man",
        "out": "/nix/store/7y6j4gs81dmnpzy1n6zwm7874gklwx37-godot4-4.3-stable"
      },
      "system": "x86_64-linux",
      "group": "toplevel",
      "priority": 5
    },
    {
      "attr_path": "steam-run-free",
      "broken": false,
      "derivation": "/nix/store/279yhh97y6py2q5hwqp2j4dyk438lmf5-steam-run.drv",
      "description": "Run commands in the same FHS environment that is used for Steam",
      "install_id": "steam-run-free",
      "license": "MIT",
      "locked_url": "https://github.com/flox/nixpkgs?rev=2631b0b7abcea6e640ce31cd78ea58910d31e650",
      "name": "steam-run",
      "pname": "steam-run-free",
      "rev": "2631b0b7abcea6e640ce31cd78ea58910d31e650",
      "rev_count": 782401,
      "rev_date": "2025-04-12T13:19:24Z",
      "scrape_date": "2025-04-14T02:03:03.510286Z",
      "stabilities": [
        "unstable"
      ],
      "unfree": false,
      "version": "steam-run",
      "outputs_to_install": [
        "out"
      ],
      "outputs": {
        "out": "/nix/store/y7m2qyz06jw3n6arzrlcw545w32j6myd-steam-run"
      },
      "system": "x86_64-linux",
      "group": "toplevel",
      "priority": 5
    }
  ]
}